# generated by rye
# use `rye lock` or `rye sync` to update this lockfile
#
# last locked with the following flags:
#   pre: false
#   features: []
#   all-features: false
#   with-sources: false

-e file:.
cfgv==3.4.0
    # via pre-commit
colorama==0.4.6
    # via pytest
coverage==7.5.0
    # via pytest-cov
distlib==0.3.8
    # via virtualenv
filelock==3.13.4
    # via virtualenv
identify==2.5.36
    # via pre-commit
iniconfig==2.0.0
    # via pytest
markdown-it-py==3.0.0
    # via rich
mdurl==0.1.2
    # via markdown-it-py
nodeenv==1.8.0
    # via pre-commit
packaging==24.0
    # via pytest
    # via pytest-sugar
platformdirs==4.2.1
    # via virtualenv
pluggy==1.5.0
    # via pytest
pprintpp==0.4.0
    # via pytest-clarity
pre-commit==3.6.0
pygments==2.17.2
    # via rich
pytest==8.0.2
    # via pytest-clarity
    # via pytest-cov
    # via pytest-sugar
pytest-clarity==1.0.1
pytest-cov==5.0.0
pytest-sugar==1.0.0
pyyaml==6.0.1
    # via pre-commit
rich==13.7.1
    # via pytest-clarity
ruff==0.4.1
setuptools==69.5.1
    # via nodeenv
termcolor==2.4.0
    # via pytest-sugar
virtualenv==20.26.0
    # via pre-commit
